
Microsoft Visual Studio Solution File, Format Version 12.00
# Visual Studio Version 17
VisualStudioVersion = 17.5.33530.505
MinimumVisualStudioVersion = 10.0.40219.1
Project("{FAE04EC0-301F-11D3-BF4B-00C04F79EFBC}") = "UnitTestProject1", "UnitTestProject1\UnitTestProject1.csproj", "{096AD7B1-0569-4638-AED8-2DAB42AAB352}"
EndProject
Global
	GlobalSection(SolutionConfigurationPlatforms) = preSolution
		Debug|Any CPU = Debug|Any CPU
		Release|Any CPU = Release|Any CPU
	EndGlobalSection
	GlobalSection(ProjectConfigurationPlatforms) = postSolution
		{096AD7B1-0569-4638-AED8-2DAB42AAB352}.Debug|Any CPU.ActiveCfg = Debug|Any CPU
		{096AD7B1-0569-4638-AED8-2DAB42AAB352}.Debug|Any CPU.Build.0 = Debug|Any CPU
		{096AD7B1-0569-4638-AED8-2DAB42AAB352}.Release|Any CPU.ActiveCfg = Release|Any CPU
		{096AD7B1-0569-4638-AED8-2DAB42AAB352}.Release|Any CPU.Build.0 = Release|Any CPU
	EndGlobalSection
	GlobalSection(SolutionProperties) = preSolution
		HideSolutionNode = FALSE
	EndGlobalSection
	GlobalSection(ExtensibilityGlobals) = postSolution
		SolutionGuid = {4C5E9DDB-DB11-43AA-8F46-7C976A28F917}
	EndGlobalSection
EndGlobal
